
Microsoft Visual Studio Solution File, Format Version 12.00
# Visual Studio Version 17
VisualStudioVersion = 17.5.002.0
MinimumVisualStudioVersion = 10.0.40219.1
Project("{9A19103F-16F7-4668-BE54-9A1E7A4F7556}") = "aoc2024", "aoc2024.csproj", "{293BC58B-6C3B-474B-822A-AA2FB4354412}"
EndProject
Global
	GlobalSection(SolutionConfigurationPlatforms) = preSolution
		Debug|Any CPU = Debug|Any CPU
		Release|Any CPU = Release|Any CPU
	EndGlobalSection
	GlobalSection(ProjectConfigurationPlatforms) = postSolution
		{293BC58B-6C3B-474B-822A-AA2FB4354412}.Debug|Any CPU.ActiveCfg = Debug|Any CPU
		{293BC58B-6C3B-474B-822A-AA2FB4354412}.Debug|Any CPU.Build.0 = Debug|Any CPU
		{293BC58B-6C3B-474B-822A-AA2FB4354412}.Release|Any CPU.ActiveCfg = Release|Any CPU
		{293BC58B-6C3B-474B-822A-AA2FB4354412}.Release|Any CPU.Build.0 = Release|Any CPU
	EndGlobalSection
	GlobalSection(SolutionProperties) = preSolution
		HideSolutionNode = FALSE
	EndGlobalSection
	GlobalSection(ExtensibilityGlobals) = postSolution
		SolutionGuid = {0D387196-37AA-4672-B896-6A653A4B291B}
	EndGlobalSection
EndGlobal
